// !$*UTF8*$!
{
	archiveVersion = 1;
	classes = {
	};
	objectVersion = 50;
	objects = {

/* Begin PBXBuildFile section */
		7D1D6E922081264E0008B58D /* AppDelegate.swift in Sources */ = {isa = PBXBuildFile; fileRef = 7D1D6E912081264E0008B58D /* AppDelegate.swift */; };
		7D1D6E972081264E0008B58D /* Main.storyboard in Resources */ = {isa = PBXBuildFile; fileRef = 7D1D6E952081264E0008B58D /* Main.storyboard */; };
		7D1D6E992081264F0008B58D /* Assets.xcassets in Resources */ = {isa = PBXBuildFile; fileRef = 7D1D6E982081264F0008B58D /* Assets.xcassets */; };
		7D1D6E9C2081264F0008B58D /* LaunchScreen.storyboard in Resources */ = {isa = PBXBuildFile; fileRef = 7D1D6E9A2081264F0008B58D /* LaunchScreen.storyboard */; };
		7D1D6EA7208126500008B58D /* CustomercareTests.swift in Sources */ = {isa = PBXBuildFile; fileRef = 7D1D6EA6208126500008B58D /* CustomercareTests.swift */; };
		7D1D6EB2208126500008B58D /* CustomercareUITests.swift in Sources */ = {isa = PBXBuildFile; fileRef = 7D1D6EB1208126500008B58D /* CustomercareUITests.swift */; };
		7D1D6EC120812A880008B58D /* Noti.swift in Sources */ = {isa = PBXBuildFile; fileRef = 7D1D6EC020812A880008B58D /* Noti.swift */; };
		7D1D6EC320812B170008B58D /* NotiData.swift in Sources */ = {isa = PBXBuildFile; fileRef = 7D1D6EC220812B170008B58D /* NotiData.swift */; };
		7D1D6EC720812E080008B58D /* NotiTableViewController.swift in Sources */ = {isa = PBXBuildFile; fileRef = 7D1D6EC620812E080008B58D /* NotiTableViewController.swift */; };
/* End PBXBuildFile section */

/* Begin PBXContainerItemProxy section */
		7D1D6EA3208126500008B58D /* PBXContainerItemProxy */ = {
			isa = PBXContainerItemProxy;
			containerPortal = 7D1D6E862081264E0008B58D /* Project object */;
			proxyType = 1;
			remoteGlobalIDString = 7D1D6E8D2081264E0008B58D;
			remoteInfo = Customercare;
		};
		7D1D6EAE208126500008B58D /* PBXContainerItemProxy */ = {
			isa = PBXContainerItemProxy;
			containerPortal = 7D1D6E862081264E0008B58D /* Project object */;
			proxyType = 1;
			remoteGlobalIDString = 7D1D6E8D2081264E0008B58D;
			remoteInfo = Customercare;
		};
/* End PBXContainerItemProxy section */

/* Begin PBXFileReference section */
		7D1D6E8E2081264E0008B58D /* Customercare.app */ = {isa = PBXFileReference; explicitFileType = wrapper.application; includeInIndex = 0; path = Customercare.app; sourceTree = BUILT_PRODUCTS_DIR; };
		7D1D6E912081264E0008B58D /* AppDelegate.swift */ = {isa = PBXFileReference; lastKnownFileType = sourcecode.swift; path = AppDelegate.swift; sourceTree = "<group>"; };
		7D1D6E962081264E0008B58D /* Base */ = {isa = PBXFileReference; lastKnownFileType = file.storyboard; name = Base; path = Base.lproj/Main.storyboard; sourceTree = "<group>"; };
		7D1D6E982081264F0008B58D /* Assets.xcassets */ = {isa = PBXFileReference; lastKnownFileType = folder.assetcatalog; path = Assets.xcassets; sourceTree = "<group>"; };
		7D1D6E9B2081264F0008B58D /* Base */ = {isa = PBXFileReference; lastKnownFileType = file.storyboard; name = Base; path = Base.lproj/LaunchScreen.storyboard; sourceTree = "<group>"; };
		7D1D6E9D2081264F0008B58D /* Info.plist */ = {isa = PBXFileReference; lastKnownFileType = text.plist.xml; path = Info.plist; sourceTree = "<group>"; };
		7D1D6EA2208126500008B58D /* CustomercareTests.xctest */ = {isa = PBXFileReference; explicitFileType = wrapper.cfbundle; includeInIndex = 0; path = CustomercareTests.xctest; sourceTree = BUILT_PRODUCTS_DIR; };
		7D1D6EA6208126500008B58D /* CustomercareTests.swift */ = {isa = PBXFileReference; lastKnownFileType = sourcecode.swift; path = CustomercareTests.swift; sourceTree = "<group>"; };
		7D1D6EA8208126500008B58D /* Info.plist */ = {isa = PBXFileReference; lastKnownFileType = text.plist.xml; path = Info.plist; sourceTree = "<group>"; };
		7D1D6EAD208126500008B58D /* CustomercareUITests.xctest */ = {isa = PBXFileReference; explicitFileType = wrapper.cfbundle; includeInIndex = 0; path = CustomercareUITests.xctest; sourceTree = BUILT_PRODUCTS_DIR; };
		7D1D6EB1208126500008B58D /* CustomercareUITests.swift */ = {isa = PBXFileReference; lastKnownFileType = sourcecode.swift; path = CustomercareUITests.swift; sourceTree = "<group>"; };
		7D1D6EB3208126500008B58D /* Info.plist */ = {isa = PBXFileReference; lastKnownFileType = text.plist.xml; path = Info.plist; sourceTree = "<group>"; };
		7D1D6EC020812A880008B58D /* Noti.swift */ = {isa = PBXFileReference; lastKnownFileType = sourcecode.swift; path = Noti.swift; sourceTree = "<group>"; };
		7D1D6EC220812B170008B58D /* NotiData.swift */ = {isa = PBXFileReference; lastKnownFileType = sourcecode.swift; path = NotiData.swift; sourceTree = "<group>"; };
		7D1D6EC620812E080008B58D /* NotiTableViewController.swift */ = {isa = PBXFileReference; lastKnownFileType = sourcecode.swift; path = NotiTableViewController.swift; sourceTree = "<group>"; };
/* End PBXFileReference section */

/* Begin PBXFrameworksBuildPhase section */
		7D1D6E8B2081264E0008B58D /* Frameworks */ = {
			isa = PBXFrameworksBuildPhase;
			buildActionMask = 2147483647;
			files = (
			);
			runOnlyForDeploymentPostprocessing = 0;
		};
		7D1D6E9F208126500008B58D /* Frameworks */ = {
			isa = PBXFrameworksBuildPhase;
			buildActionMask = 2147483647;
			files = (
			);
			runOnlyForDeploymentPostprocessing = 0;
		};
		7D1D6EAA208126500008B58D /* Frameworks */ = {
			isa = PBXFrameworksBuildPhase;
			buildActionMask = 2147483647;
			files = (
			);
			runOnlyForDeploymentPostprocessing = 0;
		};
/* End PBXFrameworksBuildPhase section */

/* Begin PBXGroup section */
		7D1D6E852081264E0008B58D = {
			isa = PBXGroup;
			children = (
				7D1D6E902081264E0008B58D /* Customercare */,
				7D1D6EA5208126500008B58D /* CustomercareTests */,
				7D1D6EB0208126500008B58D /* CustomercareUITests */,
				7D1D6E8F2081264E0008B58D /* Products */,
			);
			sourceTree = "<group>";
		};
		7D1D6E8F2081264E0008B58D /* Products */ = {
			isa = PBXGroup;
			children = (
				7D1D6E8E2081264E0008B58D /* Customercare.app */,
				7D1D6EA2208126500008B58D /* CustomercareTests.xctest */,
				7D1D6EAD208126500008B58D /* CustomercareUITests.xctest */,
			);
			name = Products;
			sourceTree = "<group>";
		};
		7D1D6E902081264E0008B58D /* Customercare */ = {
			isa = PBXGroup;
			children = (
				7D1D6EBF20812A720008B58D /* Model */,
				7D1D6E912081264E0008B58D /* AppDelegate.swift */,
				7D1D6E952081264E0008B58D /* Main.storyboard */,
				7D1D6E982081264F0008B58D /* Assets.xcassets */,
				7D1D6E9A2081264F0008B58D /* LaunchScreen.storyboard */,
				7D1D6E9D2081264F0008B58D /* Info.plist */,
				7D1D6EC620812E080008B58D /* NotiTableViewController.swift */,
			);
			path = Customercare;
			sourceTree = "<group>";
		};
		7D1D6EA5208126500008B58D /* CustomercareTests */ = {
			isa = PBXGroup;
			children = (
				7D1D6EA6208126500008B58D /* CustomercareTests.swift */,
				7D1D6EA8208126500008B58D /* Info.plist */,
			);
			path = CustomercareTests;
			sourceTree = "<group>";
		};
		7D1D6EB0208126500008B58D /* CustomercareUITests */ = {
			isa = PBXGroup;
			children = (
				7D1D6EB1208126500008B58D /* CustomercareUITests.swift */,
				7D1D6EB3208126500008B58D /* Info.plist */,
			);
			path = CustomercareUITests;
			sourceTree = "<group>";
		};
		7D1D6EBF20812A720008B58D /* Model */ = {
			isa = PBXGroup;
			children = (
				7D1D6EC020812A880008B58D /* Noti.swift */,
				7D1D6EC220812B170008B58D /* NotiData.swift */,
			);
			path = Model;
			sourceTree = "<group>";
		};
/* End PBXGroup section */

/* Begin PBXNativeTarget section */
		7D1D6E8D2081264E0008B58D /* Customercare */ = {
			isa = PBXNativeTarget;
			buildConfigurationList = 7D1D6EB6208126500008B58D /* Build configuration list for PBXNativeTarget "Customercare" */;
			buildPhases = (
				7D1D6E8A2081264E0008B58D /* Sources */,
				7D1D6E8B2081264E0008B58D /* Frameworks */,
				7D1D6E8C2081264E0008B58D /* Resources */,
			);
			buildRules = (
			);
			dependencies = (
			);
			name = Customercare;
			productName = Customercare;
			productReference = 7D1D6E8E2081264E0008B58D /* Customercare.app */;
			productType = "com.apple.product-type.application";
		};
		7D1D6EA1208126500008B58D /* CustomercareTests */ = {
			isa = PBXNativeTarget;
			buildConfigurationList = 7D1D6EB9208126500008B58D /* Build configuration list for PBXNativeTarget "CustomercareTests" */;
			buildPhases = (
				7D1D6E9E208126500008B58D /* Sources */,
				7D1D6E9F208126500008B58D /* Frameworks */,
				7D1D6EA0208126500008B58D /* Resources */,
			);
			buildRules = (
			);
			dependencies = (
				7D1D6EA4208126500008B58D /* PBXTargetDependency */,
			);
			name = CustomercareTests;
			productName = CustomercareTests;
			productReference = 7D1D6EA2208126500008B58D /* CustomercareTests.xctest */;
			productType = "com.apple.product-type.bundle.unit-test";
		};
		7D1D6EAC208126500008B58D /* CustomercareUITests */ = {
			isa = PBXNativeTarget;
			buildConfigurationList = 7D1D6EBC208126500008B58D /* Build configuration list for PBXNativeTarget "CustomercareUITests" */;
			buildPhases = (
				7D1D6EA9208126500008B58D /* Sources */,
				7D1D6EAA208126500008B58D /* Frameworks */,
				7D1D6EAB208126500008B58D /* Resources */,
			);
			buildRules = (
			);
			dependencies = (
				7D1D6EAF208126500008B58D /* PBXTargetDependency */,
			);
			name = CustomercareUITests;
			productName = CustomercareUITests;
			productReference = 7D1D6EAD208126500008B58D /* CustomercareUITests.xctest */;
			productType = "com.apple.product-type.bundle.ui-testing";
		};
/* End PBXNativeTarget section */

/* Begin PBXProject section */
		7D1D6E862081264E0008B58D /* Project object */ = {
			isa = PBXProject;
			attributes = {
				LastSwiftUpdateCheck = 0930;
				LastUpgradeCheck = 0930;
				ORGANIZATIONNAME = vn;
				TargetAttributes = {
					7D1D6E8D2081264E0008B58D = {
						CreatedOnToolsVersion = 9.3;
					};
					7D1D6EA1208126500008B58D = {
						CreatedOnToolsVersion = 9.3;
						TestTargetID = 7D1D6E8D2081264E0008B58D;
					};
					7D1D6EAC208126500008B58D = {
						CreatedOnToolsVersion = 9.3;
						TestTargetID = 7D1D6E8D2081264E0008B58D;
					};
				};
			};
			buildConfigurationList = 7D1D6E892081264E0008B58D /* Build configuration list for PBXProject "Customercare" */;
			compatibilityVersion = "Xcode 9.3";
			developmentRegion = en;
			hasScannedForEncodings = 0;
			knownRegions = (
				en,
				Base,
			);
			mainGroup = 7D1D6E852081264E0008B58D;
			productRefGroup = 7D1D6E8F2081264E0008B58D /* Products */;
			projectDirPath = "";
			projectRoot = "";
			targets = (
				7D1D6E8D2081264E0008B58D /* Customercare */,
				7D1D6EA1208126500008B58D /* CustomercareTests */,
				7D1D6EAC208126500008B58D /* CustomercareUITests */,
			);
		};
/* End PBXProject section */

/* Begin PBXResourcesBuildPhase section */
		7D1D6E8C2081264E0008B58D /* Resources */ = {
			isa = PBXResourcesBuildPhase;
			buildActionMask = 2147483647;
			files = (
				7D1D6E9C2081264F0008B58D /* LaunchScreen.storyboard in Resources */,
				7D1D6E992081264F0008B58D /* Assets.xcassets in Resources */,
				7D1D6E972081264E0008B58D /* Main.storyboard in Resources */,
			);
			runOnlyForDeploymentPostprocessing = 0;
		};
		7D1D6EA0208126500008B58D /* Resources */ = {
			isa = PBXResourcesBuildPhase;
			buildActionMask = 2147483647;
			files = (
			);
			runOnlyForDeploymentPostprocessing = 0;
		};
		7D1D6EAB208126500008B58D /* Resources */ = {
			isa = PBXResourcesBuildPhase;
			buildActionMask = 2147483647;
			files = (
			);
			runOnlyForDeploymentPostprocessing = 0;
		};
/* End PBXResourcesBuildPhase section */

/* Begin PBXSourcesBuildPhase section */
		7D1D6E8A2081264E0008B58D /* Sources */ = {
			isa = PBXSourcesBuildPhase;
			buildActionMask = 2147483647;
			files = (
				7D1D6E922081264E0008B58D /* AppDelegate.swift in Sources */,
				7D1D6EC720812E080008B58D /* NotiTableViewController.swift in Sources */,
				7D1D6EC320812B170008B58D /* NotiData.swift in Sources */,
				7D1D6EC120812A880008B58D /* Noti.swift in Sources */,
			);
			runOnlyForDeploymentPostprocessing = 0;
		};
		7D1D6E9E208126500008B58D /* Sources */ = {
			isa = PBXSourcesBuildPhase;
			buildActionMask = 2147483647;
			files = (
				7D1D6EA7208126500008B58D /* CustomercareTests.swift in Sources */,
			);
			runOnlyForDeploymentPostprocessing = 0;
		};
		7D1D6EA9208126500008B58D /* Sources */ = {
			isa = PBXSourcesBuildPhase;
			buildActionMask = 2147483647;
			files = (
				7D1D6EB2208126500008B58D /* CustomercareUITests.swift in Sources */,
			);
			runOnlyForDeploymentPostprocessing = 0;
		};
/* End PBXSourcesBuildPhase section */

/* Begin PBXTargetDependency section */
		7D1D6EA4208126500008B58D /* PBXTargetDependency */ = {
			isa = PBXTargetDependency;
			target = 7D1D6E8D2081264E0008B58D /* Customercare */;
			targetProxy = 7D1D6EA3208126500008B58D /* PBXContainerItemProxy */;
		};
		7D1D6EAF208126500008B58D /* PBXTargetDependency */ = {
			isa = PBXTargetDependency;
			target = 7D1D6E8D2081264E0008B58D /* Customercare */;
			targetProxy = 7D1D6EAE208126500008B58D /* PBXContainerItemProxy */;
		};
/* End PBXTargetDependency section */

/* Begin PBXVariantGroup section */
		7D1D6E952081264E0008B58D /* Main.storyboard */ = {
			isa = PBXVariantGroup;
			children = (
				7D1D6E962081264E0008B58D /* Base */,
			);
			name = Main.storyboard;
			sourceTree = "<group>";
		};
		7D1D6E9A2081264F0008B58D /* LaunchScreen.storyboard */ = {
			isa = PBXVariantGroup;
			children = (
				7D1D6E9B2081264F0008B58D /* Base */,
			);
			name = LaunchScreen.storyboard;
			sourceTree = "<group>";
		};
/* End PBXVariantGroup section */

/* Begin XCBuildConfiguration section */
		7D1D6EB4208126500008B58D /* Debug */ = {
			isa = XCBuildConfiguration;
			buildSettings = {
				ALWAYS_SEARCH_USER_PATHS = NO;
				CLANG_ANALYZER_NONNULL = YES;
				CLANG_ANALYZER_NUMBER_OBJECT_CONVERSION = YES_AGGRESSIVE;
				CLANG_CXX_LANGUAGE_STANDARD = "gnu++14";
				CLANG_CXX_LIBRARY = "libc++";
				CLANG_ENABLE_MODULES = YES;
				CLANG_ENABLE_OBJC_ARC = YES;
				CLANG_ENABLE_OBJC_WEAK = YES;
				CLANG_WARN_BLOCK_CAPTURE_AUTORELEASING = YES;
				CLANG_WARN_BOOL_CONVERSION = YES;
				CLANG_WARN_COMMA = YES;
				CLANG_WARN_CONSTANT_CONVERSION = YES;
				CLANG_WARN_DEPRECATED_OBJC_IMPLEMENTATIONS = YES;
				CLANG_WARN_DIRECT_OBJC_ISA_USAGE = YES_ERROR;
				CLANG_WARN_DOCUMENTATION_COMMENTS = YES;
				CLANG_WARN_EMPTY_BODY = YES;
				CLANG_WARN_ENUM_CONVERSION = YES;
				CLANG_WARN_INFINITE_RECURSION = YES;
				CLANG_WARN_INT_CONVERSION = YES;
				CLANG_WARN_NON_LITERAL_NULL_CONVERSION = YES;
				CLANG_WARN_OBJC_IMPLICIT_RETAIN_SELF = YES;
				CLANG_WARN_OBJC_LITERAL_CONVERSION = YES;
				CLANG_WARN_OBJC_ROOT_CLASS = YES_ERROR;
				CLANG_WARN_RANGE_LOOP_ANALYSIS = YES;
				CLANG_WARN_STRICT_PROTOTYPES = YES;
				CLANG_WARN_SUSPICIOUS_MOVE = YES;
				CLANG_WARN_UNGUARDED_AVAILABILITY = YES_AGGRESSIVE;
				CLANG_WARN_UNREACHABLE_CODE = YES;
				CLANG_WARN__DUPLICATE_METHOD_MATCH = YES;
				CODE_SIGN_IDENTITY = "iPhone Developer";
				COPY_PHASE_STRIP = NO;
				DEBUG_INFORMATION_FORMAT = dwarf;
				ENABLE_STRICT_OBJC_MSGSEND = YES;
				ENABLE_TESTABILITY = YES;
				GCC_C_LANGUAGE_STANDARD = gnu11;
				GCC_DYNAMIC_NO_PIC = NO;
				GCC_NO_COMMON_BLOCKS = YES;
				GCC_OPTIMIZATION_LEVEL = 0;
				GCC_PREPROCESSOR_DEFINITIONS = (
					"DEBUG=1",
					"$(inherited)",
				);
				GCC_WARN_64_TO_32_BIT_CONVERSION = YES;
				GCC_WARN_ABOUT_RETURN_TYPE = YES_ERROR;
				GCC_WARN_UNDECLARED_SELECTOR = YES;
				GCC_WARN_UNINITIALIZED_AUTOS = YES_AGGRESSIVE;
				GCC_WARN_UNUSED_FUNCTION = YES;
				GCC_WARN_UNUSED_VARIABLE = YES;
				IPHONEOS_DEPLOYMENT_TARGET = 11.3;
				MTL_ENABLE_DEBUG_INFO = YES;
				ONLY_ACTIVE_ARCH = YES;
				SDKROOT = iphoneos;
				SWIFT_ACTIVE_COMPILATION_CONDITIONS = DEBUG;
				SWIFT_OPTIMIZATION_LEVEL = "-Onone";
			};
			name = Debug;
		};
		7D1D6EB5208126500008B58D /* Release */ = {
			isa = XCBuildConfiguration;
			buildSettings = {
				ALWAYS_SEARCH_USER_PATHS = NO;
				CLANG_ANALYZER_NONNULL = YES;
				CLANG_ANALYZER_NUMBER_OBJECT_CONVERSION = YES_AGGRESSIVE;
				CLANG_CXX_LANGUAGE_STANDARD = "gnu++14";
				CLANG_CXX_LIBRARY = "libc++";
				CLANG_ENABLE_MODULES = YES;
				CLANG_ENABLE_OBJC_ARC = YES;
				CLANG_ENABLE_OBJC_WEAK = YES;
				CLANG_WARN_BLOCK_CAPTURE_AUTORELEASING = YES;
				CLANG_WARN_BOOL_CONVERSION = YES;
				CLANG_WARN_COMMA = YES;
				CLANG_WARN_CONSTANT_CONVERSION = YES;
				CLANG_WARN_DEPRECATED_OBJC_IMPLEMENTATIONS = YES;
				CLANG_WARN_DIRECT_OBJC_ISA_USAGE = YES_ERROR;
				CLANG_WARN_DOCUMENTATION_COMMENTS = YES;
				CLANG_WARN_EMPTY_BODY = YES;
				CLANG_WARN_ENUM_CONVERSION = YES;
				CLANG_WARN_INFINITE_RECURSION = YES;
				CLANG_WARN_INT_CONVERSION = YES;
				CLANG_WARN_NON_LITERAL_NULL_CONVERSION = YES;
				CLANG_WARN_OBJC_IMPLICIT_RETAIN_SELF = YES;
				CLANG_WARN_OBJC_LITERAL_CONVERSION = YES;
				CLANG_WARN_OBJC_ROOT_CLASS = YES_ERROR;
				CLANG_WARN_RANGE_LOOP_ANALYSIS = YES;
				CLANG_WARN_STRICT_PROTOTYPES = YES;
				CLANG_WARN_SUSPICIOUS_MOVE = YES;
				CLANG_WARN_UNGUARDED_AVAILABILITY = YES_AGGRESSIVE;
				CLANG_WARN_UNREACHABLE_CODE = YES;
				CLANG_WARN__DUPLICATE_METHOD_MATCH = YES;
				CODE_SIGN_IDENTITY = "iPhone Developer";
				COPY_PHASE_STRIP = NO;
				DEBUG_INFORMATION_FORMAT = "dwarf-with-dsym";
				ENABLE_NS_ASSERTIONS = NO;
				ENABLE_STRICT_OBJC_MSGSEND = YES;
				GCC_C_LANGUAGE_STANDARD = gnu11;
				GCC_NO_COMMON_BLOCKS = YES;
				GCC_WARN_64_TO_32_BIT_CONVERSION = YES;
				GCC_WARN_ABOUT_RETURN_TYPE = YES_ERROR;
				GCC_WARN_UNDECLARED_SELECTOR = YES;
				GCC_WARN_UNINITIALIZED_AUTOS = YES_AGGRESSIVE;
				GCC_WARN_UNUSED_FUNCTION = YES;
				GCC_WARN_UNUSED_VARIABLE = YES;
				IPHONEOS_DEPLOYMENT_TARGET = 11.3;
				MTL_ENABLE_DEBUG_INFO = NO;
				SDKROOT = iphoneos;
				SWIFT_COMPILATION_MODE = wholemodule;
				SWIFT_OPTIMIZATION_LEVEL = "-O";
				VALIDATE_PRODUCT = YES;
			};
			name = Release;
		};
		7D1D6EB7208126500008B58D /* Debug */ = {
			isa = XCBuildConfiguration;
			buildSettings = {
				ASSETCATALOG_COMPILER_APPICON_NAME = AppIcon;
				CODE_SIGN_STYLE = Automatic;
				INFOPLIST_FILE = Customercare/Info.plist;
				LD_RUNPATH_SEARCH_PATHS = (
					"$(inherited)",
					"@executable_path/Frameworks",
				);
				PRODUCT_BUNDLE_IDENTIFIER = viettel.Customercare;
				PRODUCT_NAME = "$(TARGET_NAME)";
				SWIFT_VERSION = 4.0;
				TARGETED_DEVICE_FAMILY = "1,2";
			};
			name = Debug;
		};
		7D1D6EB8208126500008B58D /* Release */ = {
			isa = XCBuildConfiguration;
			buildSettings = {
				ASSETCATALOG_COMPILER_APPICON_NAME = AppIcon;
				CODE_SIGN_STYLE = Automatic;
				INFOPLIST_FILE = Customercare/Info.plist;
				LD_RUNPATH_SEARCH_PATHS = (
					"$(inherited)",
					"@executable_path/Frameworks",
				);
				PRODUCT_BUNDLE_IDENTIFIER = viettel.Customercare;
				PRODUCT_NAME = "$(TARGET_NAME)";
				SWIFT_VERSION = 4.0;
				TARGETED_DEVICE_FAMILY = "1,2";
			};
			name = Release;
		};
		7D1D6EBA208126500008B58D /* Debug */ = {
			isa = XCBuildConfiguration;
			buildSettings = {
				ALWAYS_EMBED_SWIFT_STANDARD_LIBRARIES = YES;
				BUNDLE_LOADER = "$(TEST_HOST)";
				CODE_SIGN_STYLE = Automatic;
				INFOPLIST_FILE = CustomercareTests/Info.plist;
				LD_RUNPATH_SEARCH_PATHS = (
					"$(inherited)",
					"@executable_path/Frameworks",
					"@loader_path/Frameworks",
				);
				PRODUCT_BUNDLE_IDENTIFIER = viettel.CustomercareTests;
				PRODUCT_NAME = "$(TARGET_NAME)";
				SWIFT_VERSION = 4.0;
				TARGETED_DEVICE_FAMILY = "1,2";
				TEST_HOST = "$(BUILT_PRODUCTS_DIR)/Customercare.app/Customercare";
			};
			name = Debug;
		};
		7D1D6EBB208126500008B58D /* Release */ = {
			isa = XCBuildConfiguration;
			buildSettings = {
				ALWAYS_EMBED_SWIFT_STANDARD_LIBRARIES = YES;
				BUNDLE_LOADER = "$(TEST_HOST)";
				CODE_SIGN_STYLE = Automatic;
				INFOPLIST_FILE = CustomercareTests/Info.plist;
				LD_RUNPATH_SEARCH_PATHS = (
					"$(inherited)",
					"@executable_path/Frameworks",
					"@loader_path/Frameworks",
				);
				PRODUCT_BUNDLE_IDENTIFIER = viettel.CustomercareTests;
				PRODUCT_NAME = "$(TARGET_NAME)";
				SWIFT_VERSION = 4.0;
				TARGETED_DEVICE_FAMILY = "1,2";
				TEST_HOST = "$(BUILT_PRODUCTS_DIR)/Customercare.app/Customercare";
			};
			name = Release;
		};
		7D1D6EBD208126500008B58D /* Debug */ = {
			isa = XCBuildConfiguration;
			buildSettings = {
				ALWAYS_EMBED_SWIFT_STANDARD_LIBRARIES = YES;
				CODE_SIGN_STYLE = Automatic;
				INFOPLIST_FILE = CustomercareUITests/Info.plist;
				LD_RUNPATH_SEARCH_PATHS = (
					"$(inherited)",
					"@executable_path/Frameworks",
					"@loader_path/Frameworks",
				);
				PRODUCT_BUNDLE_IDENTIFIER = viettel.CustomercareUITests;
				PRODUCT_NAME = "$(TARGET_NAME)";
				SWIFT_VERSION = 4.0;
				TARGETED_DEVICE_FAMILY = "1,2";
				TEST_TARGET_NAME = Customercare;
			};
			name = Debug;
		};
		7D1D6EBE208126500008B58D /* Release */ = {
			isa = XCBuildConfiguration;
			buildSettings = {
				ALWAYS_EMBED_SWIFT_STANDARD_LIBRARIES = YES;
				CODE_SIGN_STYLE = Automatic;
				INFOPLIST_FILE = CustomercareUITests/Info.plist;
				LD_RUNPATH_SEARCH_PATHS = (
					"$(inherited)",
					"@executable_path/Frameworks",
					"@loader_path/Frameworks",
				);
				PRODUCT_BUNDLE_IDENTIFIER = viettel.CustomercareUITests;
				PRODUCT_NAME = "$(TARGET_NAME)";
				SWIFT_VERSION = 4.0;
				TARGETED_DEVICE_FAMILY = "1,2";
				TEST_TARGET_NAME = Customercare;
			};
			name = Release;
		};
/* End XCBuildConfiguration section */

/* Begin XCConfigurationList section */
		7D1D6E892081264E0008B58D /* Build configuration list for PBXProject "Customercare" */ = {
			isa = XCConfigurationList;
			buildConfigurations = (
				7D1D6EB4208126500008B58D /* Debug */,
				7D1D6EB5208126500008B58D /* Release */,
			);
			defaultConfigurationIsVisible = 0;
			defaultConfigurationName = Release;
		};
		7D1D6EB6208126500008B58D /* Build configuration list for PBXNativeTarget "Customercare" */ = {
			isa = XCConfigurationList;
			buildConfigurations = (
				7D1D6EB7208126500008B58D /* Debug */,
				7D1D6EB8208126500008B58D /* Release */,
			);
			defaultConfigurationIsVisible = 0;
			defaultConfigurationName = Release;
		};
		7D1D6EB9208126500008B58D /* Build configuration list for PBXNativeTarget "CustomercareTests" */ = {
			isa = XCConfigurationList;
			buildConfigurations = (
				7D1D6EBA208126500008B58D /* Debug */,
				7D1D6EBB208126500008B58D /* Release */,
			);
			defaultConfigurationIsVisible = 0;
			defaultConfigurationName = Release;
		};
		7D1D6EBC208126500008B58D /* Build configuration list for PBXNativeTarget "CustomercareUITests" */ = {
			isa = XCConfigurationList;
			buildConfigurations = (
				7D1D6EBD208126500008B58D /* Debug */,
				7D1D6EBE208126500008B58D /* Release */,
			);
			defaultConfigurationIsVisible = 0;
			defaultConfigurationName = Release;
		};
/* End XCConfigurationList section */
	};
	rootObject = 7D1D6E862081264E0008B58D /* Project object */;
}
